
Microsoft Visual Studio Solution File, Format Version 12.00
# Visual Studio Version 17
VisualStudioVersion = 17.3.32922.545
MinimumVisualStudioVersion = 10.0.40219.1
Project("{FAE04EC0-301F-11D3-BF4B-00C04F79EFBC}") = "QuickSort", "QuickSort\QuickSort.csproj", "{D4E57998-D44E-497F-A482-293BB22D90A5}"
EndProject
Global
	GlobalSection(SolutionConfigurationPlatforms) = preSolution
		Debug|Any CPU = Debug|Any CPU
		Release|Any CPU = Release|Any CPU
	EndGlobalSection
	GlobalSection(ProjectConfigurationPlatforms) = postSolution
		{D4E57998-D44E-497F-A482-293BB22D90A5}.Debug|Any CPU.ActiveCfg = Debug|Any CPU
		{D4E57998-D44E-497F-A482-293BB22D90A5}.Debug|Any CPU.Build.0 = Debug|Any CPU
		{D4E57998-D44E-497F-A482-293BB22D90A5}.Release|Any CPU.ActiveCfg = Release|Any CPU
		{D4E57998-D44E-497F-A482-293BB22D90A5}.Release|Any CPU.Build.0 = Release|Any CPU
	EndGlobalSection
	GlobalSection(SolutionProperties) = preSolution
		HideSolutionNode = FALSE
	EndGlobalSection
	GlobalSection(ExtensibilityGlobals) = postSolution
		SolutionGuid = {C9358655-8C4A-4E72-932B-8166202B6DBE}
	EndGlobalSection
EndGlobal
